
Microsoft Visual Studio Solution File, Format Version 10.00
# Visual C++ Express 2008
Project("{8BC9CEB8-8B4A-11D0-8D11-00A0C91BC942}") = "ARTK_Alive", "ARTK_Alive\ARTK_Alive.vcproj", "{B372F7D1-B755-4C84-B435-0B489160EA23}"
EndProject
Global
	GlobalSection(SolutionConfigurationPlatforms) = preSolution
		Debug|Win32 = Debug|Win32
		Release|Win32 = Release|Win32
	EndGlobalSection
	GlobalSection(ProjectConfigurationPlatforms) = postSolution
		{B372F7D1-B755-4C84-B435-0B489160EA23}.Debug|Win32.ActiveCfg = Debug|Win32
		{B372F7D1-B755-4C84-B435-0B489160EA23}.Debug|Win32.Build.0 = Debug|Win32
		{B372F7D1-B755-4C84-B435-0B489160EA23}.Release|Win32.ActiveCfg = Release|Win32
		{B372F7D1-B755-4C84-B435-0B489160EA23}.Release|Win32.Build.0 = Release|Win32
	EndGlobalSection
	GlobalSection(SolutionProperties) = preSolution
		HideSolutionNode = FALSE
	EndGlobalSection
EndGlobal
